// !$*UTF8*$!
{
	archiveVersion = 1;
	classes = {
	};
	objectVersion = 46;
	objects = {

/* Begin PBXBuildFile section */
		AA726D8A16A6D43B00F0EBF3 /* UIKit.framework in Frameworks */ = {isa = PBXBuildFile; fileRef = AA726D8916A6D43B00F0EBF3 /* UIKit.framework */; };
		AA726D8C16A6D43B00F0EBF3 /* Foundation.framework in Frameworks */ = {isa = PBXBuildFile; fileRef = AA726D8B16A6D43B00F0EBF3 /* Foundation.framework */; };
		AA726D8E16A6D43B00F0EBF3 /* CoreGraphics.framework in Frameworks */ = {isa = PBXBuildFile; fileRef = AA726D8D16A6D43B00F0EBF3 /* CoreGraphics.framework */; };
		AA726D9416A6D43B00F0EBF3 /* InfoPlist.strings in Resources */ = {isa = PBXBuildFile; fileRef = AA726D9216A6D43B00F0EBF3 /* InfoPlist.strings */; };
		AA726D9616A6D43B00F0EBF3 /* main.m in Sources */ = {isa = PBXBuildFile; fileRef = AA726D9516A6D43B00F0EBF3 /* main.m */; };
		AA726D9A16A6D43B00F0EBF3 /* sampleAppDelegate.m in Sources */ = {isa = PBXBuildFile; fileRef = AA726D9916A6D43B00F0EBF3 /* sampleAppDelegate.m */; };
		AA726D9C16A6D43B00F0EBF3 /* Default.png in Resources */ = {isa = PBXBuildFile; fileRef = AA726D9B16A6D43B00F0EBF3 /* Default.png */; };
		AA726D9E16A6D43B00F0EBF3 /* Default@2x.png in Resources */ = {isa = PBXBuildFile; fileRef = AA726D9D16A6D43B00F0EBF3 /* Default@2x.png */; };
		AA726DA016A6D43B00F0EBF3 /* Default-568h@2x.png in Resources */ = {isa = PBXBuildFile; fileRef = AA726D9F16A6D43B00F0EBF3 /* Default-568h@2x.png */; };
		AA726DA316A6D43B00F0EBF3 /* MainStoryboard.storyboard in Resources */ = {isa = PBXBuildFile; fileRef = AA726DA116A6D43B00F0EBF3 /* MainStoryboard.storyboard */; };
		AA726DA616A6D43B00F0EBF3 /* sampleViewController.m in Sources */ = {isa = PBXBuildFile; fileRef = AA726DA516A6D43B00F0EBF3 /* sampleViewController.m */; };
		AA726DAE16A6D43B00F0EBF3 /* SenTestingKit.framework in Frameworks */ = {isa = PBXBuildFile; fileRef = AA726DAD16A6D43B00F0EBF3 /* SenTestingKit.framework */; };
		AA726DAF16A6D43B00F0EBF3 /* UIKit.framework in Frameworks */ = {isa = PBXBuildFile; fileRef = AA726D8916A6D43B00F0EBF3 /* UIKit.framework */; };
		AA726DB016A6D43B00F0EBF3 /* Foundation.framework in Frameworks */ = {isa = PBXBuildFile; fileRef = AA726D8B16A6D43B00F0EBF3 /* Foundation.framework */; };
		AA726DB816A6D43C00F0EBF3 /* InfoPlist.strings in Resources */ = {isa = PBXBuildFile; fileRef = AA726DB616A6D43C00F0EBF3 /* InfoPlist.strings */; };
		AA726DBB16A6D43C00F0EBF3 /* GlyphsTests.m in Sources */ = {isa = PBXBuildFile; fileRef = AA726DBA16A6D43C00F0EBF3 /* GlyphsTests.m */; };
/* End PBXBuildFile section */

/* Begin PBXContainerItemProxy section */
		AA726DB116A6D43B00F0EBF3 /* PBXContainerItemProxy */ = {
			isa = PBXContainerItemProxy;
			containerPortal = AA726D7C16A6D43B00F0EBF3 /* Project object */;
			proxyType = 1;
			remoteGlobalIDString = AA726D8416A6D43B00F0EBF3;
			remoteInfo = Glyphs;
		};
/* End PBXContainerItemProxy section */

/* Begin PBXFileReference section */
		AA726D8516A6D43B00F0EBF3 /* Glyphs.app */ = {isa = PBXFileReference; explicitFileType = wrapper.application; includeInIndex = 0; path = Glyphs.app; sourceTree = BUILT_PRODUCTS_DIR; };
		AA726D8916A6D43B00F0EBF3 /* UIKit.framework */ = {isa = PBXFileReference; lastKnownFileType = wrapper.framework; name = UIKit.framework; path = System/Library/Frameworks/UIKit.framework; sourceTree = SDKROOT; };
		AA726D8B16A6D43B00F0EBF3 /* Foundation.framework */ = {isa = PBXFileReference; lastKnownFileType = wrapper.framework; name = Foundation.framework; path = System/Library/Frameworks/Foundation.framework; sourceTree = SDKROOT; };
		AA726D8D16A6D43B00F0EBF3 /* CoreGraphics.framework */ = {isa = PBXFileReference; lastKnownFileType = wrapper.framework; name = CoreGraphics.framework; path = System/Library/Frameworks/CoreGraphics.framework; sourceTree = SDKROOT; };
		AA726D9116A6D43B00F0EBF3 /* Glyphs-Info.plist */ = {isa = PBXFileReference; lastKnownFileType = text.plist.xml; path = "Glyphs-Info.plist"; sourceTree = "<group>"; };
		AA726D9316A6D43B00F0EBF3 /* en */ = {isa = PBXFileReference; lastKnownFileType = text.plist.strings; name = en; path = en.lproj/InfoPlist.strings; sourceTree = "<group>"; };
		AA726D9516A6D43B00F0EBF3 /* main.m */ = {isa = PBXFileReference; lastKnownFileType = sourcecode.c.objc; path = main.m; sourceTree = "<group>"; };
		AA726D9716A6D43B00F0EBF3 /* Glyphs-Prefix.pch */ = {isa = PBXFileReference; lastKnownFileType = sourcecode.c.h; path = "Glyphs-Prefix.pch"; sourceTree = "<group>"; };
		AA726D9816A6D43B00F0EBF3 /* sampleAppDelegate.h */ = {isa = PBXFileReference; lastKnownFileType = sourcecode.c.h; path = sampleAppDelegate.h; sourceTree = "<group>"; };
		AA726D9916A6D43B00F0EBF3 /* sampleAppDelegate.m */ = {isa = PBXFileReference; lastKnownFileType = sourcecode.c.objc; path = sampleAppDelegate.m; sourceTree = "<group>"; };
		AA726D9B16A6D43B00F0EBF3 /* Default.png */ = {isa = PBXFileReference; lastKnownFileType = image.png; path = Default.png; sourceTree = "<group>"; };
		AA726D9D16A6D43B00F0EBF3 /* Default@2x.png */ = {isa = PBXFileReference; lastKnownFileType = image.png; path = "Default@2x.png"; sourceTree = "<group>"; };
		AA726D9F16A6D43B00F0EBF3 /* Default-568h@2x.png */ = {isa = PBXFileReference; lastKnownFileType = image.png; path = "Default-568h@2x.png"; sourceTree = "<group>"; };
		AA726DA216A6D43B00F0EBF3 /* en */ = {isa = PBXFileReference; lastKnownFileType = file.storyboard; name = en; path = en.lproj/MainStoryboard.storyboard; sourceTree = "<group>"; };
		AA726DA416A6D43B00F0EBF3 /* sampleViewController.h */ = {isa = PBXFileReference; lastKnownFileType = sourcecode.c.h; path = sampleViewController.h; sourceTree = "<group>"; };
		AA726DA516A6D43B00F0EBF3 /* sampleViewController.m */ = {isa = PBXFileReference; lastKnownFileType = sourcecode.c.objc; path = sampleViewController.m; sourceTree = "<group>"; };
		AA726DAC16A6D43B00F0EBF3 /* GlyphsTests.octest */ = {isa = PBXFileReference; explicitFileType = wrapper.cfbundle; includeInIndex = 0; path = GlyphsTests.octest; sourceTree = BUILT_PRODUCTS_DIR; };
		AA726DAD16A6D43B00F0EBF3 /* SenTestingKit.framework */ = {isa = PBXFileReference; lastKnownFileType = wrapper.framework; name = SenTestingKit.framework; path = Library/Frameworks/SenTestingKit.framework; sourceTree = DEVELOPER_DIR; };
		AA726DB516A6D43C00F0EBF3 /* GlyphsTests-Info.plist */ = {isa = PBXFileReference; lastKnownFileType = text.plist.xml; path = "GlyphsTests-Info.plist"; sourceTree = "<group>"; };
		AA726DB716A6D43C00F0EBF3 /* en */ = {isa = PBXFileReference; lastKnownFileType = text.plist.strings; name = en; path = en.lproj/InfoPlist.strings; sourceTree = "<group>"; };
		AA726DB916A6D43C00F0EBF3 /* GlyphsTests.h */ = {isa = PBXFileReference; lastKnownFileType = sourcecode.c.h; path = GlyphsTests.h; sourceTree = "<group>"; };
		AA726DBA16A6D43C00F0EBF3 /* GlyphsTests.m */ = {isa = PBXFileReference; lastKnownFileType = sourcecode.c.objc; path = GlyphsTests.m; sourceTree = "<group>"; };
/* End PBXFileReference section */

/* Begin PBXFrameworksBuildPhase section */
		AA726D8216A6D43B00F0EBF3 /* Frameworks */ = {
			isa = PBXFrameworksBuildPhase;
			buildActionMask = 2147483647;
			files = (
				AA726D8A16A6D43B00F0EBF3 /* UIKit.framework in Frameworks */,
				AA726D8C16A6D43B00F0EBF3 /* Foundation.framework in Frameworks */,
				AA726D8E16A6D43B00F0EBF3 /* CoreGraphics.framework in Frameworks */,
			);
			runOnlyForDeploymentPostprocessing = 0;
		};
		AA726DA816A6D43B00F0EBF3 /* Frameworks */ = {
			isa = PBXFrameworksBuildPhase;
			buildActionMask = 2147483647;
			files = (
				AA726DAE16A6D43B00F0EBF3 /* SenTestingKit.framework in Frameworks */,
				AA726DAF16A6D43B00F0EBF3 /* UIKit.framework in Frameworks */,
				AA726DB016A6D43B00F0EBF3 /* Foundation.framework in Frameworks */,
			);
			runOnlyForDeploymentPostprocessing = 0;
		};
/* End PBXFrameworksBuildPhase section */

/* Begin PBXGroup section */
		AA726D7A16A6D43B00F0EBF3 = {
			isa = PBXGroup;
			children = (
				AA726D8F16A6D43B00F0EBF3 /* Glyphs */,
				AA726DB316A6D43B00F0EBF3 /* GlyphsTests */,
				AA726D8816A6D43B00F0EBF3 /* Frameworks */,
				AA726D8616A6D43B00F0EBF3 /* Products */,
			);
			sourceTree = "<group>";
		};
		AA726D8616A6D43B00F0EBF3 /* Products */ = {
			isa = PBXGroup;
			children = (
				AA726D8516A6D43B00F0EBF3 /* Glyphs.app */,
				AA726DAC16A6D43B00F0EBF3 /* GlyphsTests.octest */,
			);
			name = Products;
			sourceTree = "<group>";
		};
		AA726D8816A6D43B00F0EBF3 /* Frameworks */ = {
			isa = PBXGroup;
			children = (
				AA726D8916A6D43B00F0EBF3 /* UIKit.framework */,
				AA726D8B16A6D43B00F0EBF3 /* Foundation.framework */,
				AA726D8D16A6D43B00F0EBF3 /* CoreGraphics.framework */,
				AA726DAD16A6D43B00F0EBF3 /* SenTestingKit.framework */,
			);
			name = Frameworks;
			sourceTree = "<group>";
		};
		AA726D8F16A6D43B00F0EBF3 /* Glyphs */ = {
			isa = PBXGroup;
			children = (
				AA726D9816A6D43B00F0EBF3 /* sampleAppDelegate.h */,
				AA726D9916A6D43B00F0EBF3 /* sampleAppDelegate.m */,
				AA726DA116A6D43B00F0EBF3 /* MainStoryboard.storyboard */,
				AA726DA416A6D43B00F0EBF3 /* sampleViewController.h */,
				AA726DA516A6D43B00F0EBF3 /* sampleViewController.m */,
				AA726D9016A6D43B00F0EBF3 /* Supporting Files */,
			);
			path = Glyphs;
			sourceTree = "<group>";
		};
		AA726D9016A6D43B00F0EBF3 /* Supporting Files */ = {
			isa = PBXGroup;
			children = (
				AA726D9116A6D43B00F0EBF3 /* Glyphs-Info.plist */,
				AA726D9216A6D43B00F0EBF3 /* InfoPlist.strings */,
				AA726D9516A6D43B00F0EBF3 /* main.m */,
				AA726D9716A6D43B00F0EBF3 /* Glyphs-Prefix.pch */,
				AA726D9B16A6D43B00F0EBF3 /* Default.png */,
				AA726D9D16A6D43B00F0EBF3 /* Default@2x.png */,
				AA726D9F16A6D43B00F0EBF3 /* Default-568h@2x.png */,
			);
			name = "Supporting Files";
			sourceTree = "<group>";
		};
		AA726DB316A6D43B00F0EBF3 /* GlyphsTests */ = {
			isa = PBXGroup;
			children = (
				AA726DB916A6D43C00F0EBF3 /* GlyphsTests.h */,
				AA726DBA16A6D43C00F0EBF3 /* GlyphsTests.m */,
				AA726DB416A6D43C00F0EBF3 /* Supporting Files */,
			);
			path = GlyphsTests;
			sourceTree = "<group>";
		};
		AA726DB416A6D43C00F0EBF3 /* Supporting Files */ = {
			isa = PBXGroup;
			children = (
				AA726DB516A6D43C00F0EBF3 /* GlyphsTests-Info.plist */,
				AA726DB616A6D43C00F0EBF3 /* InfoPlist.strings */,
			);
			name = "Supporting Files";
			sourceTree = "<group>";
		};
/* End PBXGroup section */

/* Begin PBXNativeTarget section */
		AA726D8416A6D43B00F0EBF3 /* Glyphs */ = {
			isa = PBXNativeTarget;
			buildConfigurationList = AA726DBE16A6D43C00F0EBF3 /* Build configuration list for PBXNativeTarget "Glyphs" */;
			buildPhases = (
				AA726D8116A6D43B00F0EBF3 /* Sources */,
				AA726D8216A6D43B00F0EBF3 /* Frameworks */,
				AA726D8316A6D43B00F0EBF3 /* Resources */,
			);
			buildRules = (
			);
			dependencies = (
			);
			name = Glyphs;
			productName = Glyphs;
			productReference = AA726D8516A6D43B00F0EBF3 /* Glyphs.app */;
			productType = "com.apple.product-type.application";
		};
		AA726DAB16A6D43B00F0EBF3 /* GlyphsTests */ = {
			isa = PBXNativeTarget;
			buildConfigurationList = AA726DC116A6D43C00F0EBF3 /* Build configuration list for PBXNativeTarget "GlyphsTests" */;
			buildPhases = (
				AA726DA716A6D43B00F0EBF3 /* Sources */,
				AA726DA816A6D43B00F0EBF3 /* Frameworks */,
				AA726DA916A6D43B00F0EBF3 /* Resources */,
				AA726DAA16A6D43B00F0EBF3 /* ShellScript */,
			);
			buildRules = (
			);
			dependencies = (
				AA726DB216A6D43B00F0EBF3 /* PBXTargetDependency */,
			);
			name = GlyphsTests;
			productName = GlyphsTests;
			productReference = AA726DAC16A6D43B00F0EBF3 /* GlyphsTests.octest */;
			productType = "com.apple.product-type.bundle";
		};
/* End PBXNativeTarget section */

/* Begin PBXProject section */
		AA726D7C16A6D43B00F0EBF3 /* Project object */ = {
			isa = PBXProject;
			attributes = {
				CLASSPREFIX = sample;
				LastUpgradeCheck = 0450;
				ORGANIZATIONNAME = "Yasuhiko Imamura";
			};
			buildConfigurationList = AA726D7F16A6D43B00F0EBF3 /* Build configuration list for PBXProject "Glyphs" */;
			compatibilityVersion = "Xcode 3.2";
			developmentRegion = English;
			hasScannedForEncodings = 0;
			knownRegions = (
				en,
			);
			mainGroup = AA726D7A16A6D43B00F0EBF3;
			productRefGroup = AA726D8616A6D43B00F0EBF3 /* Products */;
			projectDirPath = "";
			projectRoot = "";
			targets = (
				AA726D8416A6D43B00F0EBF3 /* Glyphs */,
				AA726DAB16A6D43B00F0EBF3 /* GlyphsTests */,
			);
		};
/* End PBXProject section */

/* Begin PBXResourcesBuildPhase section */
		AA726D8316A6D43B00F0EBF3 /* Resources */ = {
			isa = PBXResourcesBuildPhase;
			buildActionMask = 2147483647;
			files = (
				AA726D9416A6D43B00F0EBF3 /* InfoPlist.strings in Resources */,
				AA726D9C16A6D43B00F0EBF3 /* Default.png in Resources */,
				AA726D9E16A6D43B00F0EBF3 /* Default@2x.png in Resources */,
				AA726DA016A6D43B00F0EBF3 /* Default-568h@2x.png in Resources */,
				AA726DA316A6D43B00F0EBF3 /* MainStoryboard.storyboard in Resources */,
			);
			runOnlyForDeploymentPostprocessing = 0;
		};
		AA726DA916A6D43B00F0EBF3 /* Resources */ = {
			isa = PBXResourcesBuildPhase;
			buildActionMask = 2147483647;
			files = (
				AA726DB816A6D43C00F0EBF3 /* InfoPlist.strings in Resources */,
			);
			runOnlyForDeploymentPostprocessing = 0;
		};
/* End PBXResourcesBuildPhase section */

/* Begin PBXShellScriptBuildPhase section */
		AA726DAA16A6D43B00F0EBF3 /* ShellScript */ = {
			isa = PBXShellScriptBuildPhase;
			buildActionMask = 2147483647;
			files = (
			);
			inputPaths = (
			);
			outputPaths = (
			);
			runOnlyForDeploymentPostprocessing = 0;
			shellPath = /bin/sh;
			shellScript = "# Run the unit tests in this test bundle.\n\"${SYSTEM_DEVELOPER_DIR}/Tools/RunUnitTests\"\n";
		};
/* End PBXShellScriptBuildPhase section */

/* Begin PBXSourcesBuildPhase section */
		AA726D8116A6D43B00F0EBF3 /* Sources */ = {
			isa = PBXSourcesBuildPhase;
			buildActionMask = 2147483647;
			files = (
				AA726D9616A6D43B00F0EBF3 /* main.m in Sources */,
				AA726D9A16A6D43B00F0EBF3 /* sampleAppDelegate.m in Sources */,
				AA726DA616A6D43B00F0EBF3 /* sampleViewController.m in Sources */,
			);
			runOnlyForDeploymentPostprocessing = 0;
		};
		AA726DA716A6D43B00F0EBF3 /* Sources */ = {
			isa = PBXSourcesBuildPhase;
			buildActionMask = 2147483647;
			files = (
				AA726DBB16A6D43C00F0EBF3 /* GlyphsTests.m in Sources */,
			);
			runOnlyForDeploymentPostprocessing = 0;
		};
/* End PBXSourcesBuildPhase section */

/* Begin PBXTargetDependency section */
		AA726DB216A6D43B00F0EBF3 /* PBXTargetDependency */ = {
			isa = PBXTargetDependency;
			target = AA726D8416A6D43B00F0EBF3 /* Glyphs */;
			targetProxy = AA726DB116A6D43B00F0EBF3 /* PBXContainerItemProxy */;
		};
/* End PBXTargetDependency section */

/* Begin PBXVariantGroup section */
		AA726D9216A6D43B00F0EBF3 /* InfoPlist.strings */ = {
			isa = PBXVariantGroup;
			children = (
				AA726D9316A6D43B00F0EBF3 /* en */,
			);
			name = InfoPlist.strings;
			sourceTree = "<group>";
		};
		AA726DA116A6D43B00F0EBF3 /* MainStoryboard.storyboard */ = {
			isa = PBXVariantGroup;
			children = (
				AA726DA216A6D43B00F0EBF3 /* en */,
			);
			name = MainStoryboard.storyboard;
			sourceTree = "<group>";
		};
		AA726DB616A6D43C00F0EBF3 /* InfoPlist.strings */ = {
			isa = PBXVariantGroup;
			children = (
				AA726DB716A6D43C00F0EBF3 /* en */,
			);
			name = InfoPlist.strings;
			sourceTree = "<group>";
		};
/* End PBXVariantGroup section */

/* Begin XCBuildConfiguration section */
		AA726DBC16A6D43C00F0EBF3 /* Debug */ = {
			isa = XCBuildConfiguration;
			buildSettings = {
				ALWAYS_SEARCH_USER_PATHS = NO;
				CLANG_CXX_LANGUAGE_STANDARD = "gnu++0x";
				CLANG_CXX_LIBRARY = "libc++";
				CLANG_ENABLE_OBJC_ARC = YES;
				CLANG_WARN_EMPTY_BODY = YES;
				CLANG_WARN__DUPLICATE_METHOD_MATCH = YES;
				"CODE_SIGN_IDENTITY[sdk=iphoneos*]" = "iPhone Developer";
				COPY_PHASE_STRIP = NO;
				GCC_C_LANGUAGE_STANDARD = gnu99;
				GCC_DYNAMIC_NO_PIC = NO;
				GCC_OPTIMIZATION_LEVEL = 0;
				GCC_PREPROCESSOR_DEFINITIONS = (
					"DEBUG=1",
					"$(inherited)",
				);
				GCC_SYMBOLS_PRIVATE_EXTERN = NO;
				GCC_WARN_ABOUT_RETURN_TYPE = YES;
				GCC_WARN_UNINITIALIZED_AUTOS = YES;
				GCC_WARN_UNUSED_VARIABLE = YES;
				IPHONEOS_DEPLOYMENT_TARGET = 6.0;
				ONLY_ACTIVE_ARCH = YES;
				SDKROOT = iphoneos;
			};
			name = Debug;
		};
		AA726DBD16A6D43C00F0EBF3 /* Release */ = {
			isa = XCBuildConfiguration;
			buildSettings = {
				ALWAYS_SEARCH_USER_PATHS = NO;
				CLANG_CXX_LANGUAGE_STANDARD = "gnu++0x";
				CLANG_CXX_LIBRARY = "libc++";
				CLANG_ENABLE_OBJC_ARC = YES;
				CLANG_WARN_EMPTY_BODY = YES;
				CLANG_WARN__DUPLICATE_METHOD_MATCH = YES;
				"CODE_SIGN_IDENTITY[sdk=iphoneos*]" = "iPhone Developer";
				COPY_PHASE_STRIP = YES;
				GCC_C_LANGUAGE_STANDARD = gnu99;
				GCC_WARN_ABOUT_RETURN_TYPE = YES;
				GCC_WARN_UNINITIALIZED_AUTOS = YES;
				GCC_WARN_UNUSED_VARIABLE = YES;
				IPHONEOS_DEPLOYMENT_TARGET = 6.0;
				OTHER_CFLAGS = "-DNS_BLOCK_ASSERTIONS=1";
				SDKROOT = iphoneos;
				VALIDATE_PRODUCT = YES;
			};
			name = Release;
		};
		AA726DBF16A6D43C00F0EBF3 /* Debug */ = {
			isa = XCBuildConfiguration;
			buildSettings = {
				GCC_PRECOMPILE_PREFIX_HEADER = YES;
				GCC_PREFIX_HEADER = "Glyphs/Glyphs-Prefix.pch";
				INFOPLIST_FILE = "Glyphs/Glyphs-Info.plist";
				PRODUCT_NAME = "$(TARGET_NAME)";
				WRAPPER_EXTENSION = app;
			};
			name = Debug;
		};
		AA726DC016A6D43C00F0EBF3 /* Release */ = {
			isa = XCBuildConfiguration;
			buildSettings = {
				GCC_PRECOMPILE_PREFIX_HEADER = YES;
				GCC_PREFIX_HEADER = "Glyphs/Glyphs-Prefix.pch";
				INFOPLIST_FILE = "Glyphs/Glyphs-Info.plist";
				PRODUCT_NAME = "$(TARGET_NAME)";
				WRAPPER_EXTENSION = app;
			};
			name = Release;
		};
		AA726DC216A6D43C00F0EBF3 /* Debug */ = {
			isa = XCBuildConfiguration;
			buildSettings = {
				BUNDLE_LOADER = "$(BUILT_PRODUCTS_DIR)/Glyphs.app/Glyphs";
				FRAMEWORK_SEARCH_PATHS = (
					"\"$(SDKROOT)/Developer/Library/Frameworks\"",
					"\"$(DEVELOPER_LIBRARY_DIR)/Frameworks\"",
				);
				GCC_PRECOMPILE_PREFIX_HEADER = YES;
				GCC_PREFIX_HEADER = "Glyphs/Glyphs-Prefix.pch";
				INFOPLIST_FILE = "GlyphsTests/GlyphsTests-Info.plist";
				PRODUCT_NAME = "$(TARGET_NAME)";
				TEST_HOST = "$(BUNDLE_LOADER)";
				WRAPPER_EXTENSION = octest;
			};
			name = Debug;
		};
		AA726DC316A6D43C00F0EBF3 /* Release */ = {
			isa = XCBuildConfiguration;
			buildSettings = {
				BUNDLE_LOADER = "$(BUILT_PRODUCTS_DIR)/Glyphs.app/Glyphs";
				FRAMEWORK_SEARCH_PATHS = (
					"\"$(SDKROOT)/Developer/Library/Frameworks\"",
					"\"$(DEVELOPER_LIBRARY_DIR)/Frameworks\"",
				);
				GCC_PRECOMPILE_PREFIX_HEADER = YES;
				GCC_PREFIX_HEADER = "Glyphs/Glyphs-Prefix.pch";
				INFOPLIST_FILE = "GlyphsTests/GlyphsTests-Info.plist";
				PRODUCT_NAME = "$(TARGET_NAME)";
				TEST_HOST = "$(BUNDLE_LOADER)";
				WRAPPER_EXTENSION = octest;
			};
			name = Release;
		};
/* End XCBuildConfiguration section */

/* Begin XCConfigurationList section */
		AA726D7F16A6D43B00F0EBF3 /* Build configuration list for PBXProject "Glyphs" */ = {
			isa = XCConfigurationList;
			buildConfigurations = (
				AA726DBC16A6D43C00F0EBF3 /* Debug */,
				AA726DBD16A6D43C00F0EBF3 /* Release */,
			);
			defaultConfigurationIsVisible = 0;
			defaultConfigurationName = Release;
		};
		AA726DBE16A6D43C00F0EBF3 /* Build configuration list for PBXNativeTarget "Glyphs" */ = {
			isa = XCConfigurationList;
			buildConfigurations = (
				AA726DBF16A6D43C00F0EBF3 /* Debug */,
				AA726DC016A6D43C00F0EBF3 /* Release */,
			);
			defaultConfigurationIsVisible = 0;
		};
		AA726DC116A6D43C00F0EBF3 /* Build configuration list for PBXNativeTarget "GlyphsTests" */ = {
			isa = XCConfigurationList;
			buildConfigurations = (
				AA726DC216A6D43C00F0EBF3 /* Debug */,
				AA726DC316A6D43C00F0EBF3 /* Release */,
			);
			defaultConfigurationIsVisible = 0;
		};
/* End XCConfigurationList section */
	};
	rootObject = AA726D7C16A6D43B00F0EBF3 /* Project object */;
}
